// !$*UTF8*$!
{
	archiveVersion = 1;
	classes = {
	};
	objectVersion = 51;
	objects = {

/* Begin PBXBuildFile section */
		B0FD2B4660E2DA750EAA1D60 /* Pods_WeatherAppTest.framework in Frameworks */ = {isa = PBXBuildFile; fileRef = B0973E87F823221D666C5986 /* Pods_WeatherAppTest.framework */; };
		F111926E26A5C3AB00361931 /* DataBaseManager.swift in Sources */ = {isa = PBXBuildFile; fileRef = F111926D26A5C3AB00361931 /* DataBaseManager.swift */; };
		F111927026A5C3D600361931 /* WeatherFetcher.swift in Sources */ = {isa = PBXBuildFile; fileRef = F111926F26A5C3D600361931 /* WeatherFetcher.swift */; };
		F15E21DF26A493790082710B /* AppDelegate.swift in Sources */ = {isa = PBXBuildFile; fileRef = F15E21DE26A493790082710B /* AppDelegate.swift */; };
		F15E21E126A493790082710B /* SceneDelegate.swift in Sources */ = {isa = PBXBuildFile; fileRef = F15E21E026A493790082710B /* SceneDelegate.swift */; };
		F15E21E326A493790082710B /* ViewController.swift in Sources */ = {isa = PBXBuildFile; fileRef = F15E21E226A493790082710B /* ViewController.swift */; };
		F15E21E626A493790082710B /* Main.storyboard in Resources */ = {isa = PBXBuildFile; fileRef = F15E21E426A493790082710B /* Main.storyboard */; };
		F15E21E826A4937B0082710B /* Assets.xcassets in Resources */ = {isa = PBXBuildFile; fileRef = F15E21E726A4937B0082710B /* Assets.xcassets */; };
		F15E21EB26A4937B0082710B /* LaunchScreen.storyboard in Resources */ = {isa = PBXBuildFile; fileRef = F15E21E926A4937B0082710B /* LaunchScreen.storyboard */; };
		F15E21F326A493B80082710B /* WeatherData.swift in Sources */ = {isa = PBXBuildFile; fileRef = F15E21F226A493B80082710B /* WeatherData.swift */; };
		F15E21FA26A494AE0082710B /* WeatherModel.swift in Sources */ = {isa = PBXBuildFile; fileRef = F15E21F926A494AE0082710B /* WeatherModel.swift */; };
		F15E21FC26A496A00082710B /* NetWorking.swift in Sources */ = {isa = PBXBuildFile; fileRef = F15E21FB26A496A00082710B /* NetWorking.swift */; };
		F15E21FE26A4A76A0082710B /* PhotoCell.swift in Sources */ = {isa = PBXBuildFile; fileRef = F15E21FD26A4A76A0082710B /* PhotoCell.swift */; };
/* End PBXBuildFile section */

/* Begin PBXFileReference section */
		5D97EBE429BA0FA1461DA28A /* Pods-WeatherAppTest.release.xcconfig */ = {isa = PBXFileReference; includeInIndex = 1; lastKnownFileType = text.xcconfig; name = "Pods-WeatherAppTest.release.xcconfig"; path = "Target Support Files/Pods-WeatherAppTest/Pods-WeatherAppTest.release.xcconfig"; sourceTree = "<group>"; };
		A7CC31E03D63367BF229DC49 /* Pods-WeatherAppTest.debug.xcconfig */ = {isa = PBXFileReference; includeInIndex = 1; lastKnownFileType = text.xcconfig; name = "Pods-WeatherAppTest.debug.xcconfig"; path = "Target Support Files/Pods-WeatherAppTest/Pods-WeatherAppTest.debug.xcconfig"; sourceTree = "<group>"; };
		B0973E87F823221D666C5986 /* Pods_WeatherAppTest.framework */ = {isa = PBXFileReference; explicitFileType = wrapper.framework; includeInIndex = 0; path = Pods_WeatherAppTest.framework; sourceTree = BUILT_PRODUCTS_DIR; };
		F111926D26A5C3AB00361931 /* DataBaseManager.swift */ = {isa = PBXFileReference; lastKnownFileType = sourcecode.swift; path = DataBaseManager.swift; sourceTree = "<group>"; };
		F111926F26A5C3D600361931 /* WeatherFetcher.swift */ = {isa = PBXFileReference; lastKnownFileType = sourcecode.swift; path = WeatherFetcher.swift; sourceTree = "<group>"; };
		F15E21DB26A493790082710B /* WeatherAppTest.app */ = {isa = PBXFileReference; explicitFileType = wrapper.application; includeInIndex = 0; path = WeatherAppTest.app; sourceTree = BUILT_PRODUCTS_DIR; };
		F15E21DE26A493790082710B /* AppDelegate.swift */ = {isa = PBXFileReference; lastKnownFileType = sourcecode.swift; path = AppDelegate.swift; sourceTree = "<group>"; };
		F15E21E026A493790082710B /* SceneDelegate.swift */ = {isa = PBXFileReference; lastKnownFileType = sourcecode.swift; path = SceneDelegate.swift; sourceTree = "<group>"; };
		F15E21E226A493790082710B /* ViewController.swift */ = {isa = PBXFileReference; lastKnownFileType = sourcecode.swift; path = ViewController.swift; sourceTree = "<group>"; };
		F15E21E526A493790082710B /* Base */ = {isa = PBXFileReference; lastKnownFileType = file.storyboard; name = Base; path = Base.lproj/Main.storyboard; sourceTree = "<group>"; };
		F15E21E726A4937B0082710B /* Assets.xcassets */ = {isa = PBXFileReference; lastKnownFileType = folder.assetcatalog; path = Assets.xcassets; sourceTree = "<group>"; };
		F15E21EA26A4937B0082710B /* Base */ = {isa = PBXFileReference; lastKnownFileType = file.storyboard; name = Base; path = Base.lproj/LaunchScreen.storyboard; sourceTree = "<group>"; };
		F15E21EC26A4937B0082710B /* Info.plist */ = {isa = PBXFileReference; lastKnownFileType = text.plist.xml; path = Info.plist; sourceTree = "<group>"; };
		F15E21F226A493B80082710B /* WeatherData.swift */ = {isa = PBXFileReference; lastKnownFileType = sourcecode.swift; path = WeatherData.swift; sourceTree = "<group>"; };
		F15E21F926A494AE0082710B /* WeatherModel.swift */ = {isa = PBXFileReference; lastKnownFileType = sourcecode.swift; path = WeatherModel.swift; sourceTree = "<group>"; };
		F15E21FB26A496A00082710B /* NetWorking.swift */ = {isa = PBXFileReference; lastKnownFileType = sourcecode.swift; path = NetWorking.swift; sourceTree = "<group>"; };
		F15E21FD26A4A76A0082710B /* PhotoCell.swift */ = {isa = PBXFileReference; lastKnownFileType = sourcecode.swift; path = PhotoCell.swift; sourceTree = "<group>"; };
/* End PBXFileReference section */

/* Begin PBXFrameworksBuildPhase section */
		F15E21D826A493790082710B /* Frameworks */ = {
			isa = PBXFrameworksBuildPhase;
			buildActionMask = 2147483647;
			files = (
				B0FD2B4660E2DA750EAA1D60 /* Pods_WeatherAppTest.framework in Frameworks */,
			);
			runOnlyForDeploymentPostprocessing = 0;
		};
/* End PBXFrameworksBuildPhase section */

/* Begin PBXGroup section */
		A7108415CFC7DB83DF3F3012 /* Pods */ = {
			isa = PBXGroup;
			children = (
				A7CC31E03D63367BF229DC49 /* Pods-WeatherAppTest.debug.xcconfig */,
				5D97EBE429BA0FA1461DA28A /* Pods-WeatherAppTest.release.xcconfig */,
			);
			path = Pods;
			sourceTree = "<group>";
		};
		CA4EED68160FBF178076A9E0 /* Frameworks */ = {
			isa = PBXGroup;
			children = (
				B0973E87F823221D666C5986 /* Pods_WeatherAppTest.framework */,
			);
			name = Frameworks;
			sourceTree = "<group>";
		};
		F15E21D226A493790082710B = {
			isa = PBXGroup;
			children = (
				F15E21DD26A493790082710B /* WeatherAppTest */,
				F15E21DC26A493790082710B /* Products */,
				A7108415CFC7DB83DF3F3012 /* Pods */,
				CA4EED68160FBF178076A9E0 /* Frameworks */,
			);
			sourceTree = "<group>";
		};
		F15E21DC26A493790082710B /* Products */ = {
			isa = PBXGroup;
			children = (
				F15E21DB26A493790082710B /* WeatherAppTest.app */,
			);
			name = Products;
			sourceTree = "<group>";
		};
		F15E21DD26A493790082710B /* WeatherAppTest */ = {
			isa = PBXGroup;
			children = (
				F15E21DE26A493790082710B /* AppDelegate.swift */,
				F15E21E026A493790082710B /* SceneDelegate.swift */,
				F15E21F426A493E50082710B /* Model */,
				F15E220026A4B59C0082710B /* Controller */,
				F15E21E426A493790082710B /* Main.storyboard */,
				F15E21E726A4937B0082710B /* Assets.xcassets */,
				F15E21E926A4937B0082710B /* LaunchScreen.storyboard */,
				F15E21EC26A4937B0082710B /* Info.plist */,
			);
			path = WeatherAppTest;
			sourceTree = "<group>";
		};
		F15E21F426A493E50082710B /* Model */ = {
			isa = PBXGroup;
			children = (
				F15E21F226A493B80082710B /* WeatherData.swift */,
				F15E21F926A494AE0082710B /* WeatherModel.swift */,
				F15E21FB26A496A00082710B /* NetWorking.swift */,
				F111926D26A5C3AB00361931 /* DataBaseManager.swift */,
				F111926F26A5C3D600361931 /* WeatherFetcher.swift */,
			);
			path = Model;
			sourceTree = "<group>";
		};
		F15E220026A4B59C0082710B /* Controller */ = {
			isa = PBXGroup;
			children = (
				F15E21E226A493790082710B /* ViewController.swift */,
				F15E21FD26A4A76A0082710B /* PhotoCell.swift */,
			);
			path = Controller;
			sourceTree = "<group>";
		};
/* End PBXGroup section */

/* Begin PBXNativeTarget section */
		F15E21DA26A493790082710B /* WeatherAppTest */ = {
			isa = PBXNativeTarget;
			buildConfigurationList = F15E21EF26A4937B0082710B /* Build configuration list for PBXNativeTarget "WeatherAppTest" */;
			buildPhases = (
				17812A3831D65A2992783A57 /* [CP] Check Pods Manifest.lock */,
				F15E21D726A493790082710B /* Sources */,
				F15E21D826A493790082710B /* Frameworks */,
				F15E21D926A493790082710B /* Resources */,
				642AADCDF803B8759E51FEB7 /* [CP] Embed Pods Frameworks */,
			);
			buildRules = (
			);
			dependencies = (
			);
			name = WeatherAppTest;
			productName = WeatherAppTest;
			productReference = F15E21DB26A493790082710B /* WeatherAppTest.app */;
			productType = "com.apple.product-type.application";
		};
/* End PBXNativeTarget section */

/* Begin PBXProject section */
		F15E21D326A493790082710B /* Project object */ = {
			isa = PBXProject;
			attributes = {
				LastSwiftUpdateCheck = 1250;
				LastUpgradeCheck = 1250;
				TargetAttributes = {
					F15E21DA26A493790082710B = {
						CreatedOnToolsVersion = 12.5.1;
					};
				};
			};
			buildConfigurationList = F15E21D626A493790082710B /* Build configuration list for PBXProject "WeatherAppTest" */;
			compatibilityVersion = "Xcode 9.3";
			developmentRegion = en;
			hasScannedForEncodings = 0;
			knownRegions = (
				en,
				Base,
			);
			mainGroup = F15E21D226A493790082710B;
			productRefGroup = F15E21DC26A493790082710B /* Products */;
			projectDirPath = "";
			projectRoot = "";
			targets = (
				F15E21DA26A493790082710B /* WeatherAppTest */,
			);
		};
/* End PBXProject section */

/* Begin PBXResourcesBuildPhase section */
		F15E21D926A493790082710B /* Resources */ = {
			isa = PBXResourcesBuildPhase;
			buildActionMask = 2147483647;
			files = (
				F15E21EB26A4937B0082710B /* LaunchScreen.storyboard in Resources */,
				F15E21E826A4937B0082710B /* Assets.xcassets in Resources */,
				F15E21E626A493790082710B /* Main.storyboard in Resources */,
			);
			runOnlyForDeploymentPostprocessing = 0;
		};
/* End PBXResourcesBuildPhase section */

/* Begin PBXShellScriptBuildPhase section */
		17812A3831D65A2992783A57 /* [CP] Check Pods Manifest.lock */ = {
			isa = PBXShellScriptBuildPhase;
			buildActionMask = 2147483647;
			files = (
			);
			inputFileListPaths = (
			);
			inputPaths = (
				"${PODS_PODFILE_DIR_PATH}/Podfile.lock",
				"${PODS_ROOT}/Manifest.lock",
			);
			name = "[CP] Check Pods Manifest.lock";
			outputFileListPaths = (
			);
			outputPaths = (
				"$(DERIVED_FILE_DIR)/Pods-WeatherAppTest-checkManifestLockResult.txt",
			);
			runOnlyForDeploymentPostprocessing = 0;
			shellPath = /bin/sh;
			shellScript = "diff \"${PODS_PODFILE_DIR_PATH}/Podfile.lock\" \"${PODS_ROOT}/Manifest.lock\" > /dev/null\nif [ $? != 0 ] ; then\n    # print error to STDERR\n    echo \"error: The sandbox is not in sync with the Podfile.lock. Run 'pod install' or update your CocoaPods installation.\" >&2\n    exit 1\nfi\n# This output is used by Xcode 'outputs' to avoid re-running this script phase.\necho \"SUCCESS\" > \"${SCRIPT_OUTPUT_FILE_0}\"\n";
			showEnvVarsInLog = 0;
		};
		642AADCDF803B8759E51FEB7 /* [CP] Embed Pods Frameworks */ = {
			isa = PBXShellScriptBuildPhase;
			buildActionMask = 2147483647;
			files = (
			);
			inputFileListPaths = (
				"${PODS_ROOT}/Target Support Files/Pods-WeatherAppTest/Pods-WeatherAppTest-frameworks-${CONFIGURATION}-input-files.xcfilelist",
			);
			name = "[CP] Embed Pods Frameworks";
			outputFileListPaths = (
				"${PODS_ROOT}/Target Support Files/Pods-WeatherAppTest/Pods-WeatherAppTest-frameworks-${CONFIGURATION}-output-files.xcfilelist",
			);
			runOnlyForDeploymentPostprocessing = 0;
			shellPath = /bin/sh;
			shellScript = "\"${PODS_ROOT}/Target Support Files/Pods-WeatherAppTest/Pods-WeatherAppTest-frameworks.sh\"\n";
			showEnvVarsInLog = 0;
		};
/* End PBXShellScriptBuildPhase section */

/* Begin PBXSourcesBuildPhase section */
		F15E21D726A493790082710B /* Sources */ = {
			isa = PBXSourcesBuildPhase;
			buildActionMask = 2147483647;
			files = (
				F111927026A5C3D600361931 /* WeatherFetcher.swift in Sources */,
				F111926E26A5C3AB00361931 /* DataBaseManager.swift in Sources */,
				F15E21FE26A4A76A0082710B /* PhotoCell.swift in Sources */,
				F15E21E326A493790082710B /* ViewController.swift in Sources */,
				F15E21DF26A493790082710B /* AppDelegate.swift in Sources */,
				F15E21F326A493B80082710B /* WeatherData.swift in Sources */,
				F15E21E126A493790082710B /* SceneDelegate.swift in Sources */,
				F15E21FA26A494AE0082710B /* WeatherModel.swift in Sources */,
				F15E21FC26A496A00082710B /* NetWorking.swift in Sources */,
			);
			runOnlyForDeploymentPostprocessing = 0;
		};
/* End PBXSourcesBuildPhase section */

/* Begin PBXVariantGroup section */
		F15E21E426A493790082710B /* Main.storyboard */ = {
			isa = PBXVariantGroup;
			children = (
				F15E21E526A493790082710B /* Base */,
			);
			name = Main.storyboard;
			sourceTree = "<group>";
		};
		F15E21E926A4937B0082710B /* LaunchScreen.storyboard */ = {
			isa = PBXVariantGroup;
			children = (
				F15E21EA26A4937B0082710B /* Base */,
			);
			name = LaunchScreen.storyboard;
			sourceTree = "<group>";
		};
/* End PBXVariantGroup section */

/* Begin XCBuildConfiguration section */
		F15E21ED26A4937B0082710B /* Debug */ = {
			isa = XCBuildConfiguration;
			buildSettings = {
				ALWAYS_SEARCH_USER_PATHS = NO;
				CLANG_ANALYZER_NONNULL = YES;
				CLANG_ANALYZER_NUMBER_OBJECT_CONVERSION = YES_AGGRESSIVE;
				CLANG_CXX_LANGUAGE_STANDARD = "gnu++14";
				CLANG_CXX_LIBRARY = "libc++";
				CLANG_ENABLE_MODULES = YES;
				CLANG_ENABLE_OBJC_ARC = YES;
				CLANG_ENABLE_OBJC_WEAK = YES;
				CLANG_WARN_BLOCK_CAPTURE_AUTORELEASING = YES;
				CLANG_WARN_BOOL_CONVERSION = YES;
				CLANG_WARN_COMMA = YES;
				CLANG_WARN_CONSTANT_CONVERSION = YES;
				CLANG_WARN_DEPRECATED_OBJC_IMPLEMENTATIONS = YES;
				CLANG_WARN_DIRECT_OBJC_ISA_USAGE = YES_ERROR;
				CLANG_WARN_DOCUMENTATION_COMMENTS = YES;
				CLANG_WARN_EMPTY_BODY = YES;
				CLANG_WARN_ENUM_CONVERSION = YES;
				CLANG_WARN_INFINITE_RECURSION = YES;
				CLANG_WARN_INT_CONVERSION = YES;
				CLANG_WARN_NON_LITERAL_NULL_CONVERSION = YES;
				CLANG_WARN_OBJC_IMPLICIT_RETAIN_SELF = YES;
				CLANG_WARN_OBJC_LITERAL_CONVERSION = YES;
				CLANG_WARN_OBJC_ROOT_CLASS = YES_ERROR;
				CLANG_WARN_QUOTED_INCLUDE_IN_FRAMEWORK_HEADER = YES;
				CLANG_WARN_RANGE_LOOP_ANALYSIS = YES;
				CLANG_WARN_STRICT_PROTOTYPES = YES;
				CLANG_WARN_SUSPICIOUS_MOVE = YES;
				CLANG_WARN_UNGUARDED_AVAILABILITY = YES_AGGRESSIVE;
				CLANG_WARN_UNREACHABLE_CODE = YES;
				CLANG_WARN__DUPLICATE_METHOD_MATCH = YES;
				COPY_PHASE_STRIP = NO;
				DEBUG_INFORMATION_FORMAT = dwarf;
				ENABLE_STRICT_OBJC_MSGSEND = YES;
				ENABLE_TESTABILITY = YES;
				GCC_C_LANGUAGE_STANDARD = gnu11;
				GCC_DYNAMIC_NO_PIC = NO;
				GCC_NO_COMMON_BLOCKS = YES;
				GCC_OPTIMIZATION_LEVEL = 0;
				GCC_PREPROCESSOR_DEFINITIONS = (
					"DEBUG=1",
					"$(inherited)",
				);
				GCC_WARN_64_TO_32_BIT_CONVERSION = YES;
				GCC_WARN_ABOUT_RETURN_TYPE = YES_ERROR;
				GCC_WARN_UNDECLARED_SELECTOR = YES;
				GCC_WARN_UNINITIALIZED_AUTOS = YES_AGGRESSIVE;
				GCC_WARN_UNUSED_FUNCTION = YES;
				GCC_WARN_UNUSED_VARIABLE = YES;
				IPHONEOS_DEPLOYMENT_TARGET = 14.5;
				MTL_ENABLE_DEBUG_INFO = INCLUDE_SOURCE;
				MTL_FAST_MATH = YES;
				ONLY_ACTIVE_ARCH = YES;
				SDKROOT = iphoneos;
				SWIFT_ACTIVE_COMPILATION_CONDITIONS = DEBUG;
				SWIFT_OPTIMIZATION_LEVEL = "-Onone";
			};
			name = Debug;
		};
		F15E21EE26A4937B0082710B /* Release */ = {
			isa = XCBuildConfiguration;
			buildSettings = {
				ALWAYS_SEARCH_USER_PATHS = NO;
				CLANG_ANALYZER_NONNULL = YES;
				CLANG_ANALYZER_NUMBER_OBJECT_CONVERSION = YES_AGGRESSIVE;
				CLANG_CXX_LANGUAGE_STANDARD = "gnu++14";
				CLANG_CXX_LIBRARY = "libc++";
				CLANG_ENABLE_MODULES = YES;
				CLANG_ENABLE_OBJC_ARC = YES;
				CLANG_ENABLE_OBJC_WEAK = YES;
				CLANG_WARN_BLOCK_CAPTURE_AUTORELEASING = YES;
				CLANG_WARN_BOOL_CONVERSION = YES;
				CLANG_WARN_COMMA = YES;
				CLANG_WARN_CONSTANT_CONVERSION = YES;
				CLANG_WARN_DEPRECATED_OBJC_IMPLEMENTATIONS = YES;
				CLANG_WARN_DIRECT_OBJC_ISA_USAGE = YES_ERROR;
				CLANG_WARN_DOCUMENTATION_COMMENTS = YES;
				CLANG_WARN_EMPTY_BODY = YES;
				CLANG_WARN_ENUM_CONVERSION = YES;
				CLANG_WARN_INFINITE_RECURSION = YES;
				CLANG_WARN_INT_CONVERSION = YES;
				CLANG_WARN_NON_LITERAL_NULL_CONVERSION = YES;
				CLANG_WARN_OBJC_IMPLICIT_RETAIN_SELF = YES;
				CLANG_WARN_OBJC_LITERAL_CONVERSION = YES;
				CLANG_WARN_OBJC_ROOT_CLASS = YES_ERROR;
				CLANG_WARN_QUOTED_INCLUDE_IN_FRAMEWORK_HEADER = YES;
				CLANG_WARN_RANGE_LOOP_ANALYSIS = YES;
				CLANG_WARN_STRICT_PROTOTYPES = YES;
				CLANG_WARN_SUSPICIOUS_MOVE = YES;
				CLANG_WARN_UNGUARDED_AVAILABILITY = YES_AGGRESSIVE;
				CLANG_WARN_UNREACHABLE_CODE = YES;
				CLANG_WARN__DUPLICATE_METHOD_MATCH = YES;
				COPY_PHASE_STRIP = NO;
				DEBUG_INFORMATION_FORMAT = "dwarf-with-dsym";
				ENABLE_NS_ASSERTIONS = NO;
				ENABLE_STRICT_OBJC_MSGSEND = YES;
				GCC_C_LANGUAGE_STANDARD = gnu11;
				GCC_NO_COMMON_BLOCKS = YES;
				GCC_WARN_64_TO_32_BIT_CONVERSION = YES;
				GCC_WARN_ABOUT_RETURN_TYPE = YES_ERROR;
				GCC_WARN_UNDECLARED_SELECTOR = YES;
				GCC_WARN_UNINITIALIZED_AUTOS = YES_AGGRESSIVE;
				GCC_WARN_UNUSED_FUNCTION = YES;
				GCC_WARN_UNUSED_VARIABLE = YES;
				IPHONEOS_DEPLOYMENT_TARGET = 14.5;
				MTL_ENABLE_DEBUG_INFO = NO;
				MTL_FAST_MATH = YES;
				SDKROOT = iphoneos;
				SWIFT_COMPILATION_MODE = wholemodule;
				SWIFT_OPTIMIZATION_LEVEL = "-O";
				VALIDATE_PRODUCT = YES;
			};
			name = Release;
		};
		F15E21F026A4937B0082710B /* Debug */ = {
			isa = XCBuildConfiguration;
			baseConfigurationReference = A7CC31E03D63367BF229DC49 /* Pods-WeatherAppTest.debug.xcconfig */;
			buildSettings = {
				ASSETCATALOG_COMPILER_APPICON_NAME = AppIcon;
				ASSETCATALOG_COMPILER_GLOBAL_ACCENT_COLOR_NAME = AccentColor;
				CODE_SIGN_STYLE = Automatic;
				DEVELOPMENT_TEAM = UMB664RQJ2;
				INFOPLIST_FILE = WeatherAppTest/Info.plist;
				LD_RUNPATH_SEARCH_PATHS = (
					"$(inherited)",
					"@executable_path/Frameworks",
				);
				PRODUCT_BUNDLE_IDENTIFIER = com.ciryllaptev.WeatherAppTest;
				PRODUCT_NAME = "$(TARGET_NAME)";
				SWIFT_VERSION = 5.0;
				TARGETED_DEVICE_FAMILY = "1,2";
			};
			name = Debug;
		};
		F15E21F126A4937B0082710B /* Release */ = {
			isa = XCBuildConfiguration;
			baseConfigurationReference = 5D97EBE429BA0FA1461DA28A /* Pods-WeatherAppTest.release.xcconfig */;
			buildSettings = {
				ASSETCATALOG_COMPILER_APPICON_NAME = AppIcon;
				ASSETCATALOG_COMPILER_GLOBAL_ACCENT_COLOR_NAME = AccentColor;
				CODE_SIGN_STYLE = Automatic;
				DEVELOPMENT_TEAM = UMB664RQJ2;
				INFOPLIST_FILE = WeatherAppTest/Info.plist;
				LD_RUNPATH_SEARCH_PATHS = (
					"$(inherited)",
					"@executable_path/Frameworks",
				);
				PRODUCT_BUNDLE_IDENTIFIER = com.ciryllaptev.WeatherAppTest;
				PRODUCT_NAME = "$(TARGET_NAME)";
				SWIFT_VERSION = 5.0;
				TARGETED_DEVICE_FAMILY = "1,2";
			};
			name = Release;
		};
/* End XCBuildConfiguration section */

/* Begin XCConfigurationList section */
		F15E21D626A493790082710B /* Build configuration list for PBXProject "WeatherAppTest" */ = {
			isa = XCConfigurationList;
			buildConfigurations = (
				F15E21ED26A4937B0082710B /* Debug */,
				F15E21EE26A4937B0082710B /* Release */,
			);
			defaultConfigurationIsVisible = 0;
			defaultConfigurationName = Release;
		};
		F15E21EF26A4937B0082710B /* Build configuration list for PBXNativeTarget "WeatherAppTest" */ = {
			isa = XCConfigurationList;
			buildConfigurations = (
				F15E21F026A4937B0082710B /* Debug */,
				F15E21F126A4937B0082710B /* Release */,
			);
			defaultConfigurationIsVisible = 0;
			defaultConfigurationName = Release;
		};
/* End XCConfigurationList section */
	};
	rootObject = F15E21D326A493790082710B /* Project object */;
}
